
Microsoft Visual Studio Solution File, Format Version 12.00
# Visual Studio Version 17
VisualStudioVersion = 17.3.32901.215
MinimumVisualStudioVersion = 10.0.40219.1
Project("{FAE04EC0-301F-11D3-BF4B-00C04F79EFBC}") = "PGP", "PGP\PGP.csproj", "{474F9974-7561-4E13-92C3-BAD0A7FD5612}"
EndProject
Project("{FAE04EC0-301F-11D3-BF4B-00C04F79EFBC}") = "PGPCore", "PGPCore\PGPCore.csproj", "{AB06097E-C480-4932-8E0E-E1AE7983223A}"
EndProject
Global
	GlobalSection(SolutionConfigurationPlatforms) = preSolution
		Debug|Any CPU = Debug|Any CPU
		Release|Any CPU = Release|Any CPU
	EndGlobalSection
	GlobalSection(ProjectConfigurationPlatforms) = postSolution
		{474F9974-7561-4E13-92C3-BAD0A7FD5612}.Debug|Any CPU.ActiveCfg = Debug|Any CPU
		{474F9974-7561-4E13-92C3-BAD0A7FD5612}.Debug|Any CPU.Build.0 = Debug|Any CPU
		{474F9974-7561-4E13-92C3-BAD0A7FD5612}.Release|Any CPU.ActiveCfg = Release|Any CPU
		{474F9974-7561-4E13-92C3-BAD0A7FD5612}.Release|Any CPU.Build.0 = Release|Any CPU
		{AB06097E-C480-4932-8E0E-E1AE7983223A}.Debug|Any CPU.ActiveCfg = Debug|Any CPU
		{AB06097E-C480-4932-8E0E-E1AE7983223A}.Debug|Any CPU.Build.0 = Debug|Any CPU
		{AB06097E-C480-4932-8E0E-E1AE7983223A}.Release|Any CPU.ActiveCfg = Release|Any CPU
		{AB06097E-C480-4932-8E0E-E1AE7983223A}.Release|Any CPU.Build.0 = Release|Any CPU
	EndGlobalSection
	GlobalSection(SolutionProperties) = preSolution
		HideSolutionNode = FALSE
	EndGlobalSection
	GlobalSection(ExtensibilityGlobals) = postSolution
		SolutionGuid = {178DC66F-615F-4CE7-8FF8-9E0B4768A26C}
	EndGlobalSection
EndGlobal
